// !$*UTF8*$!
{
	archiveVersion = 1;
	classes = {
	};
	objectVersion = 56;
	objects = {

/* Begin PBXBuildFile section */
		BC1AE98D2A4218D800ACC705 /* SwiftKeychainWrapper in Frameworks */ = {isa = PBXBuildFile; productRef = BC1AE98C2A4218D800ACC705 /* SwiftKeychainWrapper */; };
		BC1AE98F2A4237A400ACC705 /* TabBarController.swift in Sources */ = {isa = PBXBuildFile; fileRef = BC1AE98E2A4237A400ACC705 /* TabBarController.swift */; };
		BC2A22C42A0D5AF30096E22B /* ProfileViewController.swift in Sources */ = {isa = PBXBuildFile; fileRef = BC2A22C32A0D5AF30096E22B /* ProfileViewController.swift */; };
		BC2A22C62A0D6ADB0096E22B /* SingleImageViewController.swift in Sources */ = {isa = PBXBuildFile; fileRef = BC2A22C52A0D6ADA0096E22B /* SingleImageViewController.swift */; };
		BC38FB182A3E30A0006C6462 /* Kingfisher in Frameworks */ = {isa = PBXBuildFile; productRef = BC38FB172A3E30A0006C6462 /* Kingfisher */; };
		BC38FB1A2A3F8CFA006C6462 /* URLSession+URLRequest Extensions.swift in Sources */ = {isa = PBXBuildFile; fileRef = BC38FB192A3F8CFA006C6462 /* URLSession+URLRequest Extensions.swift */; };
		BC38FB1C2A403050006C6462 /* AlertPresenter.swift in Sources */ = {isa = PBXBuildFile; fileRef = BC38FB1B2A403050006C6462 /* AlertPresenter.swift */; };
		BC4CA0EB29FC30B4005DBCDE /* AppDelegate.swift in Sources */ = {isa = PBXBuildFile; fileRef = BC4CA0EA29FC30B4005DBCDE /* AppDelegate.swift */; };
		BC4CA0ED29FC30B4005DBCDE /* SceneDelegate.swift in Sources */ = {isa = PBXBuildFile; fileRef = BC4CA0EC29FC30B4005DBCDE /* SceneDelegate.swift */; };
		BC4CA0EF29FC30B4005DBCDE /* ImagesListViewController.swift in Sources */ = {isa = PBXBuildFile; fileRef = BC4CA0EE29FC30B4005DBCDE /* ImagesListViewController.swift */; };
		BC4CA0F229FC30B4005DBCDE /* Main.storyboard in Resources */ = {isa = PBXBuildFile; fileRef = BC4CA0F029FC30B4005DBCDE /* Main.storyboard */; };
		BC4CA0F429FC30B6005DBCDE /* Assets.xcassets in Resources */ = {isa = PBXBuildFile; fileRef = BC4CA0F329FC30B6005DBCDE /* Assets.xcassets */; };
		BC4CA0F729FC30B6005DBCDE /* LaunchScreen.storyboard in Resources */ = {isa = PBXBuildFile; fileRef = BC4CA0F529FC30B6005DBCDE /* LaunchScreen.storyboard */; };
		BC576C392A0237C2003C36C7 /* UIColor+Extentions.swift in Sources */ = {isa = PBXBuildFile; fileRef = BC576C382A0237C2003C36C7 /* UIColor+Extentions.swift */; };
		BC579DA62A55DD0C00365177 /* PhotoModels.swift in Sources */ = {isa = PBXBuildFile; fileRef = BC579DA52A55DD0C00365177 /* PhotoModels.swift */; };
		BC579DA92A55DE6600365177 /* ProfileModels.swift in Sources */ = {isa = PBXBuildFile; fileRef = BC579DA82A55DE6600365177 /* ProfileModels.swift */; };
		BC6A43C32A5F26BE0045C50A /* ImageListTableViewAdapter.swift in Sources */ = {isa = PBXBuildFile; fileRef = BC6A43C22A5F26BE0045C50A /* ImageListTableViewAdapter.swift */; };
		BC6A43C52A6127750045C50A /* ImageFeedImagesListTests.swift in Sources */ = {isa = PBXBuildFile; fileRef = BC6A43C42A6127750045C50A /* ImageFeedImagesListTests.swift */; };
		BC6A43CD2A62B3590045C50A /* ImageFeedUITests.swift in Sources */ = {isa = PBXBuildFile; fileRef = BC6A43CC2A62B3590045C50A /* ImageFeedUITests.swift */; };
		BC6E7C8129FFD412007D5688 /* ImagesListCell.swift in Sources */ = {isa = PBXBuildFile; fileRef = BC6E7C8029FFD412007D5688 /* ImagesListCell.swift */; };
		BC718F162A2666C100F5E746 /* SplashViewController.swift in Sources */ = {isa = PBXBuildFile; fileRef = BC718F152A2666C100F5E746 /* SplashViewController.swift */; };
		BC718F192A286E3200F5E746 /* LightStatusBarNavController.swift in Sources */ = {isa = PBXBuildFile; fileRef = BC718F182A286E3200F5E746 /* LightStatusBarNavController.swift */; };
		BC78E42E2A5AA5B100A9B173 /* WebViewViewPresenter.swift in Sources */ = {isa = PBXBuildFile; fileRef = BC78E42D2A5AA5B100A9B173 /* WebViewViewPresenter.swift */; };
		BC78E4302A5ABC8900A9B173 /* AuthHelper.swift in Sources */ = {isa = PBXBuildFile; fileRef = BC78E42F2A5ABC8900A9B173 /* AuthHelper.swift */; };
		BC78E4382A5B371800A9B173 /* ImageFeedWebViewTests.swift in Sources */ = {isa = PBXBuildFile; fileRef = BC78E4372A5B371800A9B173 /* ImageFeedWebViewTests.swift */; };
		BC78E4442A5C669400A9B173 /* ProfileViewPresenter.swift in Sources */ = {isa = PBXBuildFile; fileRef = BC78E4432A5C669400A9B173 /* ProfileViewPresenter.swift */; };
		BC78E4462A5C66F000A9B173 /* LogoutHelper.swift in Sources */ = {isa = PBXBuildFile; fileRef = BC78E4452A5C66F000A9B173 /* LogoutHelper.swift */; };
		BC78E4492A5C72C500A9B173 /* ImageFeedProfileViewTests.swift in Sources */ = {isa = PBXBuildFile; fileRef = BC78E4482A5C72C500A9B173 /* ImageFeedProfileViewTests.swift */; };
		BC78E44B2A5DBF3800A9B173 /* ImageListViewPresenter.swift in Sources */ = {isa = PBXBuildFile; fileRef = BC78E44A2A5DBF3800A9B173 /* ImageListViewPresenter.swift */; };
		BC97A9172A324D5D0038A0FD /* ProgressHUD in Frameworks */ = {isa = PBXBuildFile; productRef = BC97A9162A324D5D0038A0FD /* ProgressHUD */; };
		BC97A9192A375E170038A0FD /* UIBlockingProgressHUD.swift in Sources */ = {isa = PBXBuildFile; fileRef = BC97A9182A375E170038A0FD /* UIBlockingProgressHUD.swift */; };
		BC97A91B2A3762F70038A0FD /* ProfileService.swift in Sources */ = {isa = PBXBuildFile; fileRef = BC97A91A2A3762F70038A0FD /* ProfileService.swift */; };
		BC97A91D2A38E2610038A0FD /* ProfileImageService.swift in Sources */ = {isa = PBXBuildFile; fileRef = BC97A91C2A38E2610038A0FD /* ProfileImageService.swift */; };
		BC9E1EA32A4B5377005437DB /* ImagesListService.swift in Sources */ = {isa = PBXBuildFile; fileRef = BC9E1EA22A4B5377005437DB /* ImagesListService.swift */; };
		BCB75F4A2A1FCDC0007197F4 /* AuthConfiguration.swift in Sources */ = {isa = PBXBuildFile; fileRef = BCB75F492A1FCDC0007197F4 /* AuthConfiguration.swift */; };
		BCB75F4C2A1FDA76007197F4 /* AuthViewController.swift in Sources */ = {isa = PBXBuildFile; fileRef = BCB75F4B2A1FDA76007197F4 /* AuthViewController.swift */; };
		BCB75F4F2A1FDE3D007197F4 /* WebViewViewController.swift in Sources */ = {isa = PBXBuildFile; fileRef = BCB75F4E2A1FDE3D007197F4 /* WebViewViewController.swift */; };
		BCB75F522A23BDE2007197F4 /* OAuth2Service.swift in Sources */ = {isa = PBXBuildFile; fileRef = BCB75F512A23BDE2007197F4 /* OAuth2Service.swift */; };
		BCB75F542A23BE82007197F4 /* OAuthTokenResponseBody.swift in Sources */ = {isa = PBXBuildFile; fileRef = BCB75F532A23BE82007197F4 /* OAuthTokenResponseBody.swift */; };
		BCB75F562A23C024007197F4 /* OAuth2TokenStorage.swift in Sources */ = {isa = PBXBuildFile; fileRef = BCB75F552A23C024007197F4 /* OAuth2TokenStorage.swift */; };
		BCCA7E182A0EBEC6007D7102 /* ImageListCell.xib in Resources */ = {isa = PBXBuildFile; fileRef = BCCA7E172A0EBEC6007D7102 /* ImageListCell.xib */; };
		BCF0D5A92A06D112009D7CC5 /* GradientImageView.swift in Sources */ = {isa = PBXBuildFile; fileRef = BCF0D5A82A06D112009D7CC5 /* GradientImageView.swift */; };
/* End PBXBuildFile section */

/* Begin PBXContainerItemProxy section */
		BC6A43D02A62B3590045C50A /* PBXContainerItemProxy */ = {
			isa = PBXContainerItemProxy;
			containerPortal = BC4CA0DF29FC30B4005DBCDE /* Project object */;
			proxyType = 1;
			remoteGlobalIDString = BC4CA0E629FC30B4005DBCDE;
			remoteInfo = ImageFeed;
		};
		BC78E4392A5B371800A9B173 /* PBXContainerItemProxy */ = {
			isa = PBXContainerItemProxy;
			containerPortal = BC4CA0DF29FC30B4005DBCDE /* Project object */;
			proxyType = 1;
			remoteGlobalIDString = BC4CA0E629FC30B4005DBCDE;
			remoteInfo = ImageFeed;
		};
/* End PBXContainerItemProxy section */

/* Begin PBXFileReference section */
		BC1AE98E2A4237A400ACC705 /* TabBarController.swift */ = {isa = PBXFileReference; lastKnownFileType = sourcecode.swift; path = TabBarController.swift; sourceTree = "<group>"; };
		BC2A22C32A0D5AF30096E22B /* ProfileViewController.swift */ = {isa = PBXFileReference; lastKnownFileType = sourcecode.swift; path = ProfileViewController.swift; sourceTree = "<group>"; };
		BC2A22C52A0D6ADA0096E22B /* SingleImageViewController.swift */ = {isa = PBXFileReference; lastKnownFileType = sourcecode.swift; path = SingleImageViewController.swift; sourceTree = "<group>"; };
		BC38FB192A3F8CFA006C6462 /* URLSession+URLRequest Extensions.swift */ = {isa = PBXFileReference; lastKnownFileType = sourcecode.swift; path = "URLSession+URLRequest Extensions.swift"; sourceTree = "<group>"; };
		BC38FB1B2A403050006C6462 /* AlertPresenter.swift */ = {isa = PBXFileReference; lastKnownFileType = sourcecode.swift; path = AlertPresenter.swift; sourceTree = "<group>"; };
		BC4CA0E729FC30B4005DBCDE /* ImageFeed.app */ = {isa = PBXFileReference; explicitFileType = wrapper.application; includeInIndex = 0; path = ImageFeed.app; sourceTree = BUILT_PRODUCTS_DIR; };
		BC4CA0EA29FC30B4005DBCDE /* AppDelegate.swift */ = {isa = PBXFileReference; lastKnownFileType = sourcecode.swift; path = AppDelegate.swift; sourceTree = "<group>"; };
		BC4CA0EC29FC30B4005DBCDE /* SceneDelegate.swift */ = {isa = PBXFileReference; lastKnownFileType = sourcecode.swift; path = SceneDelegate.swift; sourceTree = "<group>"; };
		BC4CA0EE29FC30B4005DBCDE /* ImagesListViewController.swift */ = {isa = PBXFileReference; lastKnownFileType = sourcecode.swift; path = ImagesListViewController.swift; sourceTree = "<group>"; };
		BC4CA0F129FC30B4005DBCDE /* Base */ = {isa = PBXFileReference; lastKnownFileType = file.storyboard; name = Base; path = Base.lproj/Main.storyboard; sourceTree = "<group>"; };
		BC4CA0F329FC30B6005DBCDE /* Assets.xcassets */ = {isa = PBXFileReference; lastKnownFileType = folder.assetcatalog; path = Assets.xcassets; sourceTree = "<group>"; };
		BC4CA0F629FC30B6005DBCDE /* Base */ = {isa = PBXFileReference; lastKnownFileType = file.storyboard; name = Base; path = Base.lproj/LaunchScreen.storyboard; sourceTree = "<group>"; };
		BC4CA0F829FC30B6005DBCDE /* Info.plist */ = {isa = PBXFileReference; lastKnownFileType = text.plist.xml; path = Info.plist; sourceTree = "<group>"; };
		BC576C382A0237C2003C36C7 /* UIColor+Extentions.swift */ = {isa = PBXFileReference; lastKnownFileType = sourcecode.swift; path = "UIColor+Extentions.swift"; sourceTree = "<group>"; };
		BC579DA52A55DD0C00365177 /* PhotoModels.swift */ = {isa = PBXFileReference; lastKnownFileType = sourcecode.swift; path = PhotoModels.swift; sourceTree = "<group>"; };
		BC579DA82A55DE6600365177 /* ProfileModels.swift */ = {isa = PBXFileReference; lastKnownFileType = sourcecode.swift; path = ProfileModels.swift; sourceTree = "<group>"; };
		BC6A43C22A5F26BE0045C50A /* ImageListTableViewAdapter.swift */ = {isa = PBXFileReference; lastKnownFileType = sourcecode.swift; path = ImageListTableViewAdapter.swift; sourceTree = "<group>"; };
		BC6A43C42A6127750045C50A /* ImageFeedImagesListTests.swift */ = {isa = PBXFileReference; lastKnownFileType = sourcecode.swift; path = ImageFeedImagesListTests.swift; sourceTree = "<group>"; };
		BC6A43CA2A62B3590045C50A /* ImageFeedUITests.xctest */ = {isa = PBXFileReference; explicitFileType = wrapper.cfbundle; includeInIndex = 0; path = ImageFeedUITests.xctest; sourceTree = BUILT_PRODUCTS_DIR; };
		BC6A43CC2A62B3590045C50A /* ImageFeedUITests.swift */ = {isa = PBXFileReference; lastKnownFileType = sourcecode.swift; path = ImageFeedUITests.swift; sourceTree = "<group>"; };
		BC6E7C8029FFD412007D5688 /* ImagesListCell.swift */ = {isa = PBXFileReference; lastKnownFileType = sourcecode.swift; path = ImagesListCell.swift; sourceTree = "<group>"; };
		BC718F152A2666C100F5E746 /* SplashViewController.swift */ = {isa = PBXFileReference; lastKnownFileType = sourcecode.swift; name = SplashViewController.swift; path = ImageFeed/Presentation/SplashViewController.swift; sourceTree = SOURCE_ROOT; };
		BC718F182A286E3200F5E746 /* LightStatusBarNavController.swift */ = {isa = PBXFileReference; lastKnownFileType = sourcecode.swift; path = LightStatusBarNavController.swift; sourceTree = "<group>"; };
		BC78E42D2A5AA5B100A9B173 /* WebViewViewPresenter.swift */ = {isa = PBXFileReference; lastKnownFileType = sourcecode.swift; path = WebViewViewPresenter.swift; sourceTree = "<group>"; };
		BC78E42F2A5ABC8900A9B173 /* AuthHelper.swift */ = {isa = PBXFileReference; lastKnownFileType = sourcecode.swift; path = AuthHelper.swift; sourceTree = "<group>"; };
		BC78E4352A5B371800A9B173 /* ImageFeedTests.xctest */ = {isa = PBXFileReference; explicitFileType = wrapper.cfbundle; includeInIndex = 0; path = ImageFeedTests.xctest; sourceTree = BUILT_PRODUCTS_DIR; };
		BC78E4372A5B371800A9B173 /* ImageFeedWebViewTests.swift */ = {isa = PBXFileReference; lastKnownFileType = sourcecode.swift; path = ImageFeedWebViewTests.swift; sourceTree = "<group>"; };
		BC78E4432A5C669400A9B173 /* ProfileViewPresenter.swift */ = {isa = PBXFileReference; lastKnownFileType = sourcecode.swift; path = ProfileViewPresenter.swift; sourceTree = "<group>"; };
		BC78E4452A5C66F000A9B173 /* LogoutHelper.swift */ = {isa = PBXFileReference; lastKnownFileType = sourcecode.swift; path = LogoutHelper.swift; sourceTree = "<group>"; };
		BC78E4482A5C72C500A9B173 /* ImageFeedProfileViewTests.swift */ = {isa = PBXFileReference; lastKnownFileType = sourcecode.swift; path = ImageFeedProfileViewTests.swift; sourceTree = "<group>"; };
		BC78E44A2A5DBF3800A9B173 /* ImageListViewPresenter.swift */ = {isa = PBXFileReference; lastKnownFileType = sourcecode.swift; path = ImageListViewPresenter.swift; sourceTree = "<group>"; };
		BC97A9182A375E170038A0FD /* UIBlockingProgressHUD.swift */ = {isa = PBXFileReference; lastKnownFileType = sourcecode.swift; path = UIBlockingProgressHUD.swift; sourceTree = "<group>"; };
		BC97A91A2A3762F70038A0FD /* ProfileService.swift */ = {isa = PBXFileReference; lastKnownFileType = sourcecode.swift; path = ProfileService.swift; sourceTree = "<group>"; };
		BC97A91C2A38E2610038A0FD /* ProfileImageService.swift */ = {isa = PBXFileReference; lastKnownFileType = sourcecode.swift; path = ProfileImageService.swift; sourceTree = "<group>"; };
		BC9E1EA22A4B5377005437DB /* ImagesListService.swift */ = {isa = PBXFileReference; lastKnownFileType = sourcecode.swift; path = ImagesListService.swift; sourceTree = "<group>"; };
		BCB75F492A1FCDC0007197F4 /* AuthConfiguration.swift */ = {isa = PBXFileReference; lastKnownFileType = sourcecode.swift; path = AuthConfiguration.swift; sourceTree = "<group>"; };
		BCB75F4B2A1FDA76007197F4 /* AuthViewController.swift */ = {isa = PBXFileReference; lastKnownFileType = sourcecode.swift; path = AuthViewController.swift; sourceTree = "<group>"; };
		BCB75F4E2A1FDE3D007197F4 /* WebViewViewController.swift */ = {isa = PBXFileReference; lastKnownFileType = sourcecode.swift; path = WebViewViewController.swift; sourceTree = "<group>"; };
		BCB75F512A23BDE2007197F4 /* OAuth2Service.swift */ = {isa = PBXFileReference; lastKnownFileType = sourcecode.swift; path = OAuth2Service.swift; sourceTree = "<group>"; };
		BCB75F532A23BE82007197F4 /* OAuthTokenResponseBody.swift */ = {isa = PBXFileReference; lastKnownFileType = sourcecode.swift; path = OAuthTokenResponseBody.swift; sourceTree = "<group>"; };
		BCB75F552A23C024007197F4 /* OAuth2TokenStorage.swift */ = {isa = PBXFileReference; lastKnownFileType = sourcecode.swift; path = OAuth2TokenStorage.swift; sourceTree = "<group>"; };
		BCCA7E172A0EBEC6007D7102 /* ImageListCell.xib */ = {isa = PBXFileReference; lastKnownFileType = file.xib; path = ImageListCell.xib; sourceTree = "<group>"; };
		BCF0D5A82A06D112009D7CC5 /* GradientImageView.swift */ = {isa = PBXFileReference; lastKnownFileType = sourcecode.swift; path = GradientImageView.swift; sourceTree = "<group>"; };
/* End PBXFileReference section */

/* Begin PBXFrameworksBuildPhase section */
		BC4CA0E429FC30B4005DBCDE /* Frameworks */ = {
			isa = PBXFrameworksBuildPhase;
			buildActionMask = 2147483647;
			files = (
				BC38FB182A3E30A0006C6462 /* Kingfisher in Frameworks */,
				BC97A9172A324D5D0038A0FD /* ProgressHUD in Frameworks */,
				BC1AE98D2A4218D800ACC705 /* SwiftKeychainWrapper in Frameworks */,
			);
			runOnlyForDeploymentPostprocessing = 0;
		};
		BC6A43C72A62B3590045C50A /* Frameworks */ = {
			isa = PBXFrameworksBuildPhase;
			buildActionMask = 2147483647;
			files = (
			);
			runOnlyForDeploymentPostprocessing = 0;
		};
		BC78E4322A5B371800A9B173 /* Frameworks */ = {
			isa = PBXFrameworksBuildPhase;
			buildActionMask = 2147483647;
			files = (
			);
			runOnlyForDeploymentPostprocessing = 0;
		};
/* End PBXFrameworksBuildPhase section */

/* Begin PBXGroup section */
		BC311BCE2A1694E0005AE0BC /* Interface Builder + Resources */ = {
			isa = PBXGroup;
			children = (
				BC4CA0EA29FC30B4005DBCDE /* AppDelegate.swift */,
				BC4CA0EC29FC30B4005DBCDE /* SceneDelegate.swift */,
				BC4CA0F029FC30B4005DBCDE /* Main.storyboard */,
				BCCA7E172A0EBEC6007D7102 /* ImageListCell.xib */,
				BC4CA0F529FC30B6005DBCDE /* LaunchScreen.storyboard */,
			);
			path = "Interface Builder + Resources";
			sourceTree = "<group>";
		};
		BC311BCF2A1699AE005AE0BC /* Image List */ = {
			isa = PBXGroup;
			children = (
				BC2A22C52A0D6ADA0096E22B /* SingleImageViewController.swift */,
				BC78E44A2A5DBF3800A9B173 /* ImageListViewPresenter.swift */,
				BC4CA0EE29FC30B4005DBCDE /* ImagesListViewController.swift */,
				BC6E7C8029FFD412007D5688 /* ImagesListCell.swift */,
				BC6A43C22A5F26BE0045C50A /* ImageListTableViewAdapter.swift */,
			);
			path = "Image List";
			sourceTree = "<group>";
		};
		BC4CA0DE29FC30B4005DBCDE = {
			isa = PBXGroup;
			children = (
				BC4CA0E929FC30B4005DBCDE /* ImageFeed */,
				BC78E4362A5B371800A9B173 /* ImageFeedTests */,
				BC6A43CB2A62B3590045C50A /* ImageFeedUITests */,
				BC4CA0E829FC30B4005DBCDE /* Products */,
			);
			sourceTree = "<group>";
		};
		BC4CA0E829FC30B4005DBCDE /* Products */ = {
			isa = PBXGroup;
			children = (
				BC4CA0E729FC30B4005DBCDE /* ImageFeed.app */,
				BC78E4352A5B371800A9B173 /* ImageFeedTests.xctest */,
				BC6A43CA2A62B3590045C50A /* ImageFeedUITests.xctest */,
			);
			name = Products;
			sourceTree = "<group>";
		};
		BC4CA0E929FC30B4005DBCDE /* ImageFeed */ = {
			isa = PBXGroup;
			children = (
				BC4CA0F329FC30B6005DBCDE /* Assets.xcassets */,
				BC4CA0F829FC30B6005DBCDE /* Info.plist */,
				BC8995B62A43639400D19364 /* Services */,
				BCB75F502A208741007197F4 /* Network */,
				BC311BCE2A1694E0005AE0BC /* Interface Builder + Resources */,
				BCF0D5AA2A06D127009D7CC5 /* UI Customizations */,
				BCB75F4D2A1FDE11007197F4 /* AuthServices */,
				BC576C372A023797003C36C7 /* Presentation */,
			);
			path = ImageFeed;
			sourceTree = "<group>";
		};
		BC576C372A023797003C36C7 /* Presentation */ = {
			isa = PBXGroup;
			children = (
				BC1AE98E2A4237A400ACC705 /* TabBarController.swift */,
				BC718F152A2666C100F5E746 /* SplashViewController.swift */,
				BC718F172A286B1C00F5E746 /* Auth */,
				BC78E4422A5C667800A9B173 /* Profile */,
				BC311BCF2A1699AE005AE0BC /* Image List */,
			);
			path = Presentation;
			sourceTree = "<group>";
		};
		BC579DA72A55DE4A00365177 /* Models */ = {
			isa = PBXGroup;
			children = (
				BC579DA52A55DD0C00365177 /* PhotoModels.swift */,
				BC579DA82A55DE6600365177 /* ProfileModels.swift */,
			);
			path = Models;
			sourceTree = "<group>";
		};
		BC6A43CB2A62B3590045C50A /* ImageFeedUITests */ = {
			isa = PBXGroup;
			children = (
				BC6A43CC2A62B3590045C50A /* ImageFeedUITests.swift */,
			);
			path = ImageFeedUITests;
			sourceTree = "<group>";
		};
		BC718F172A286B1C00F5E746 /* Auth */ = {
			isa = PBXGroup;
			children = (
				BCB75F4B2A1FDA76007197F4 /* AuthViewController.swift */,
				BCB75F4E2A1FDE3D007197F4 /* WebViewViewController.swift */,
				BC78E42D2A5AA5B100A9B173 /* WebViewViewPresenter.swift */,
				BC718F182A286E3200F5E746 /* LightStatusBarNavController.swift */,
				BC78E42F2A5ABC8900A9B173 /* AuthHelper.swift */,
			);
			path = Auth;
			sourceTree = "<group>";
		};
		BC78E4362A5B371800A9B173 /* ImageFeedTests */ = {
			isa = PBXGroup;
			children = (
				BC78E4372A5B371800A9B173 /* ImageFeedWebViewTests.swift */,
				BC78E4482A5C72C500A9B173 /* ImageFeedProfileViewTests.swift */,
				BC6A43C42A6127750045C50A /* ImageFeedImagesListTests.swift */,
			);
			path = ImageFeedTests;
			sourceTree = "<group>";
		};
		BC78E4422A5C667800A9B173 /* Profile */ = {
			isa = PBXGroup;
			children = (
				BC2A22C32A0D5AF30096E22B /* ProfileViewController.swift */,
				BC78E4432A5C669400A9B173 /* ProfileViewPresenter.swift */,
				BC78E4452A5C66F000A9B173 /* LogoutHelper.swift */,
			);
			path = Profile;
			sourceTree = "<group>";
		};
		BC78E4472A5C673D00A9B173 /* Network Services */ = {
			isa = PBXGroup;
			children = (
				BC97A91A2A3762F70038A0FD /* ProfileService.swift */,
				BC97A91C2A38E2610038A0FD /* ProfileImageService.swift */,
				BC9E1EA22A4B5377005437DB /* ImagesListService.swift */,
			);
			path = "Network Services";
			sourceTree = "<group>";
		};
		BC8995B62A43639400D19364 /* Services */ = {
			isa = PBXGroup;
			children = (
				BC38FB1B2A403050006C6462 /* AlertPresenter.swift */,
				BC97A9182A375E170038A0FD /* UIBlockingProgressHUD.swift */,
			);
			path = Services;
			sourceTree = "<group>";
		};
		BCB75F4D2A1FDE11007197F4 /* AuthServices */ = {
			isa = PBXGroup;
			children = (
				BCB75F512A23BDE2007197F4 /* OAuth2Service.swift */,
				BCB75F552A23C024007197F4 /* OAuth2TokenStorage.swift */,
				BCB75F532A23BE82007197F4 /* OAuthTokenResponseBody.swift */,
			);
			path = AuthServices;
			sourceTree = "<group>";
		};
		BCB75F502A208741007197F4 /* Network */ = {
			isa = PBXGroup;
			children = (
				BC78E4472A5C673D00A9B173 /* Network Services */,
				BC38FB192A3F8CFA006C6462 /* URLSession+URLRequest Extensions.swift */,
				BCB75F492A1FCDC0007197F4 /* AuthConfiguration.swift */,
				BC579DA72A55DE4A00365177 /* Models */,
			);
			path = Network;
			sourceTree = "<group>";
		};
		BCF0D5AA2A06D127009D7CC5 /* UI Customizations */ = {
			isa = PBXGroup;
			children = (
				BC576C382A0237C2003C36C7 /* UIColor+Extentions.swift */,
				BCF0D5A82A06D112009D7CC5 /* GradientImageView.swift */,
			);
			path = "UI Customizations";
			sourceTree = "<group>";
		};
/* End PBXGroup section */

/* Begin PBXNativeTarget section */
		BC4CA0E629FC30B4005DBCDE /* ImageFeed */ = {
			isa = PBXNativeTarget;
			buildConfigurationList = BC4CA0FB29FC30B6005DBCDE /* Build configuration list for PBXNativeTarget "ImageFeed" */;
			buildPhases = (
				BC4CA0E329FC30B4005DBCDE /* Sources */,
				BC4CA0E429FC30B4005DBCDE /* Frameworks */,
				BC4CA0E529FC30B4005DBCDE /* Resources */,
			);
			buildRules = (
			);
			dependencies = (
			);
			name = ImageFeed;
			packageProductDependencies = (
				BC97A9162A324D5D0038A0FD /* ProgressHUD */,
				BC38FB172A3E30A0006C6462 /* Kingfisher */,
				BC1AE98C2A4218D800ACC705 /* SwiftKeychainWrapper */,
			);
			productName = ImageFeed;
			productReference = BC4CA0E729FC30B4005DBCDE /* ImageFeed.app */;
			productType = "com.apple.product-type.application";
		};
		BC6A43C92A62B3590045C50A /* ImageFeedUITests */ = {
			isa = PBXNativeTarget;
			buildConfigurationList = BC6A43D22A62B3590045C50A /* Build configuration list for PBXNativeTarget "ImageFeedUITests" */;
			buildPhases = (
				BC6A43C62A62B3590045C50A /* Sources */,
				BC6A43C72A62B3590045C50A /* Frameworks */,
				BC6A43C82A62B3590045C50A /* Resources */,
			);
			buildRules = (
			);
			dependencies = (
				BC6A43D12A62B3590045C50A /* PBXTargetDependency */,
			);
			name = ImageFeedUITests;
			productName = ImageFeedUITests;
			productReference = BC6A43CA2A62B3590045C50A /* ImageFeedUITests.xctest */;
			productType = "com.apple.product-type.bundle.ui-testing";
		};
		BC78E4342A5B371800A9B173 /* ImageFeedTests */ = {
			isa = PBXNativeTarget;
			buildConfigurationList = BC78E43B2A5B371800A9B173 /* Build configuration list for PBXNativeTarget "ImageFeedTests" */;
			buildPhases = (
				BC78E4312A5B371800A9B173 /* Sources */,
				BC78E4322A5B371800A9B173 /* Frameworks */,
				BC78E4332A5B371800A9B173 /* Resources */,
			);
			buildRules = (
			);
			dependencies = (
				BC78E43A2A5B371800A9B173 /* PBXTargetDependency */,
			);
			name = ImageFeedTests;
			productName = ImageFeedTests;
			productReference = BC78E4352A5B371800A9B173 /* ImageFeedTests.xctest */;
			productType = "com.apple.product-type.bundle.unit-test";
		};
/* End PBXNativeTarget section */

/* Begin PBXProject section */
		BC4CA0DF29FC30B4005DBCDE /* Project object */ = {
			isa = PBXProject;
			attributes = {
				BuildIndependentTargetsInParallel = 1;
				LastSwiftUpdateCheck = 1430;
				LastUpgradeCheck = 1420;
				TargetAttributes = {
					BC4CA0E629FC30B4005DBCDE = {
						CreatedOnToolsVersion = 14.2;
					};
					BC6A43C92A62B3590045C50A = {
						CreatedOnToolsVersion = 14.3;
						TestTargetID = BC4CA0E629FC30B4005DBCDE;
					};
					BC78E4342A5B371800A9B173 = {
						CreatedOnToolsVersion = 14.3;
						TestTargetID = BC4CA0E629FC30B4005DBCDE;
					};
				};
			};
			buildConfigurationList = BC4CA0E229FC30B4005DBCDE /* Build configuration list for PBXProject "ImageFeed" */;
			compatibilityVersion = "Xcode 14.0";
			developmentRegion = en;
			hasScannedForEncodings = 0;
			knownRegions = (
				en,
				Base,
			);
			mainGroup = BC4CA0DE29FC30B4005DBCDE;
			packageReferences = (
				BC97A9152A324D5D0038A0FD /* XCRemoteSwiftPackageReference "ProgressHUD" */,
				BC38FB162A3E30A0006C6462 /* XCRemoteSwiftPackageReference "Kingfisher" */,
				BC1AE98B2A4218D800ACC705 /* XCRemoteSwiftPackageReference "SwiftKeychainWrapper" */,
			);
			productRefGroup = BC4CA0E829FC30B4005DBCDE /* Products */;
			projectDirPath = "";
			projectRoot = "";
			targets = (
				BC4CA0E629FC30B4005DBCDE /* ImageFeed */,
				BC78E4342A5B371800A9B173 /* ImageFeedTests */,
				BC6A43C92A62B3590045C50A /* ImageFeedUITests */,
			);
		};
/* End PBXProject section */

/* Begin PBXResourcesBuildPhase section */
		BC4CA0E529FC30B4005DBCDE /* Resources */ = {
			isa = PBXResourcesBuildPhase;
			buildActionMask = 2147483647;
			files = (
				BC4CA0F729FC30B6005DBCDE /* LaunchScreen.storyboard in Resources */,
				BCCA7E182A0EBEC6007D7102 /* ImageListCell.xib in Resources */,
				BC4CA0F429FC30B6005DBCDE /* Assets.xcassets in Resources */,
				BC4CA0F229FC30B4005DBCDE /* Main.storyboard in Resources */,
			);
			runOnlyForDeploymentPostprocessing = 0;
		};
		BC6A43C82A62B3590045C50A /* Resources */ = {
			isa = PBXResourcesBuildPhase;
			buildActionMask = 2147483647;
			files = (
			);
			runOnlyForDeploymentPostprocessing = 0;
		};
		BC78E4332A5B371800A9B173 /* Resources */ = {
			isa = PBXResourcesBuildPhase;
			buildActionMask = 2147483647;
			files = (
			);
			runOnlyForDeploymentPostprocessing = 0;
		};
/* End PBXResourcesBuildPhase section */

/* Begin PBXSourcesBuildPhase section */
		BC4CA0E329FC30B4005DBCDE /* Sources */ = {
			isa = PBXSourcesBuildPhase;
			buildActionMask = 2147483647;
			files = (
				BC97A91B2A3762F70038A0FD /* ProfileService.swift in Sources */,
				BC78E4442A5C669400A9B173 /* ProfileViewPresenter.swift in Sources */,
				BC9E1EA32A4B5377005437DB /* ImagesListService.swift in Sources */,
				BC4CA0EF29FC30B4005DBCDE /* ImagesListViewController.swift in Sources */,
				BC579DA62A55DD0C00365177 /* PhotoModels.swift in Sources */,
				BC6E7C8129FFD412007D5688 /* ImagesListCell.swift in Sources */,
				BC718F192A286E3200F5E746 /* LightStatusBarNavController.swift in Sources */,
				BCB75F522A23BDE2007197F4 /* OAuth2Service.swift in Sources */,
				BCB75F4C2A1FDA76007197F4 /* AuthViewController.swift in Sources */,
				BC78E4302A5ABC8900A9B173 /* AuthHelper.swift in Sources */,
				BC78E4462A5C66F000A9B173 /* LogoutHelper.swift in Sources */,
				BC78E44B2A5DBF3800A9B173 /* ImageListViewPresenter.swift in Sources */,
				BCF0D5A92A06D112009D7CC5 /* GradientImageView.swift in Sources */,
				BCB75F4F2A1FDE3D007197F4 /* WebViewViewController.swift in Sources */,
				BC38FB1C2A403050006C6462 /* AlertPresenter.swift in Sources */,
				BCB75F562A23C024007197F4 /* OAuth2TokenStorage.swift in Sources */,
				BC576C392A0237C2003C36C7 /* UIColor+Extentions.swift in Sources */,
				BC579DA92A55DE6600365177 /* ProfileModels.swift in Sources */,
				BC2A22C42A0D5AF30096E22B /* ProfileViewController.swift in Sources */,
				BC97A91D2A38E2610038A0FD /* ProfileImageService.swift in Sources */,
				BC1AE98F2A4237A400ACC705 /* TabBarController.swift in Sources */,
				BC718F162A2666C100F5E746 /* SplashViewController.swift in Sources */,
				BC4CA0EB29FC30B4005DBCDE /* AppDelegate.swift in Sources */,
				BC2A22C62A0D6ADB0096E22B /* SingleImageViewController.swift in Sources */,
				BC4CA0ED29FC30B4005DBCDE /* SceneDelegate.swift in Sources */,
				BC78E42E2A5AA5B100A9B173 /* WebViewViewPresenter.swift in Sources */,
				BCB75F542A23BE82007197F4 /* OAuthTokenResponseBody.swift in Sources */,
				BC38FB1A2A3F8CFA006C6462 /* URLSession+URLRequest Extensions.swift in Sources */,
				BC6A43C32A5F26BE0045C50A /* ImageListTableViewAdapter.swift in Sources */,
				BCB75F4A2A1FCDC0007197F4 /* AuthConfiguration.swift in Sources */,
				BC97A9192A375E170038A0FD /* UIBlockingProgressHUD.swift in Sources */,
			);
			runOnlyForDeploymentPostprocessing = 0;
		};
		BC6A43C62A62B3590045C50A /* Sources */ = {
			isa = PBXSourcesBuildPhase;
			buildActionMask = 2147483647;
			files = (
				BC6A43CD2A62B3590045C50A /* ImageFeedUITests.swift in Sources */,
			);
			runOnlyForDeploymentPostprocessing = 0;
		};
		BC78E4312A5B371800A9B173 /* Sources */ = {
			isa = PBXSourcesBuildPhase;
			buildActionMask = 2147483647;
			files = (
				BC78E4492A5C72C500A9B173 /* ImageFeedProfileViewTests.swift in Sources */,
				BC6A43C52A6127750045C50A /* ImageFeedImagesListTests.swift in Sources */,
				BC78E4382A5B371800A9B173 /* ImageFeedWebViewTests.swift in Sources */,
			);
			runOnlyForDeploymentPostprocessing = 0;
		};
/* End PBXSourcesBuildPhase section */

/* Begin PBXTargetDependency section */
		BC6A43D12A62B3590045C50A /* PBXTargetDependency */ = {
			isa = PBXTargetDependency;
			target = BC4CA0E629FC30B4005DBCDE /* ImageFeed */;
			targetProxy = BC6A43D02A62B3590045C50A /* PBXContainerItemProxy */;
		};
		BC78E43A2A5B371800A9B173 /* PBXTargetDependency */ = {
			isa = PBXTargetDependency;
			target = BC4CA0E629FC30B4005DBCDE /* ImageFeed */;
			targetProxy = BC78E4392A5B371800A9B173 /* PBXContainerItemProxy */;
		};
/* End PBXTargetDependency section */

/* Begin PBXVariantGroup section */
		BC4CA0F029FC30B4005DBCDE /* Main.storyboard */ = {
			isa = PBXVariantGroup;
			children = (
				BC4CA0F129FC30B4005DBCDE /* Base */,
			);
			name = Main.storyboard;
			sourceTree = "<group>";
		};
		BC4CA0F529FC30B6005DBCDE /* LaunchScreen.storyboard */ = {
			isa = PBXVariantGroup;
			children = (
				BC4CA0F629FC30B6005DBCDE /* Base */,
			);
			name = LaunchScreen.storyboard;
			sourceTree = "<group>";
		};
/* End PBXVariantGroup section */

/* Begin XCBuildConfiguration section */
		BC4CA0F929FC30B6005DBCDE /* Debug */ = {
			isa = XCBuildConfiguration;
			buildSettings = {
				ALWAYS_SEARCH_USER_PATHS = NO;
				CLANG_ANALYZER_NONNULL = YES;
				CLANG_ANALYZER_NUMBER_OBJECT_CONVERSION = YES_AGGRESSIVE;
				CLANG_CXX_LANGUAGE_STANDARD = "gnu++20";
				CLANG_ENABLE_MODULES = YES;
				CLANG_ENABLE_OBJC_ARC = YES;
				CLANG_ENABLE_OBJC_WEAK = YES;
				CLANG_WARN_BLOCK_CAPTURE_AUTORELEASING = YES;
				CLANG_WARN_BOOL_CONVERSION = YES;
				CLANG_WARN_COMMA = YES;
				CLANG_WARN_CONSTANT_CONVERSION = YES;
				CLANG_WARN_DEPRECATED_OBJC_IMPLEMENTATIONS = YES;
				CLANG_WARN_DIRECT_OBJC_ISA_USAGE = YES_ERROR;
				CLANG_WARN_DOCUMENTATION_COMMENTS = YES;
				CLANG_WARN_EMPTY_BODY = YES;
				CLANG_WARN_ENUM_CONVERSION = YES;
				CLANG_WARN_INFINITE_RECURSION = YES;
				CLANG_WARN_INT_CONVERSION = YES;
				CLANG_WARN_NON_LITERAL_NULL_CONVERSION = YES;
				CLANG_WARN_OBJC_IMPLICIT_RETAIN_SELF = YES;
				CLANG_WARN_OBJC_LITERAL_CONVERSION = YES;
				CLANG_WARN_OBJC_ROOT_CLASS = YES_ERROR;
				CLANG_WARN_QUOTED_INCLUDE_IN_FRAMEWORK_HEADER = YES;
				CLANG_WARN_RANGE_LOOP_ANALYSIS = YES;
				CLANG_WARN_STRICT_PROTOTYPES = YES;
				CLANG_WARN_SUSPICIOUS_MOVE = YES;
				CLANG_WARN_UNGUARDED_AVAILABILITY = YES_AGGRESSIVE;
				CLANG_WARN_UNREACHABLE_CODE = YES;
				CLANG_WARN__DUPLICATE_METHOD_MATCH = YES;
				COPY_PHASE_STRIP = NO;
				DEBUG_INFORMATION_FORMAT = dwarf;
				ENABLE_STRICT_OBJC_MSGSEND = YES;
				ENABLE_TESTABILITY = YES;
				GCC_C_LANGUAGE_STANDARD = gnu11;
				GCC_DYNAMIC_NO_PIC = NO;
				GCC_NO_COMMON_BLOCKS = YES;
				GCC_OPTIMIZATION_LEVEL = 0;
				GCC_PREPROCESSOR_DEFINITIONS = (
					"DEBUG=1",
					"$(inherited)",
				);
				GCC_WARN_64_TO_32_BIT_CONVERSION = YES;
				GCC_WARN_ABOUT_RETURN_TYPE = YES_ERROR;
				GCC_WARN_UNDECLARED_SELECTOR = YES;
				GCC_WARN_UNINITIALIZED_AUTOS = YES_AGGRESSIVE;
				GCC_WARN_UNUSED_FUNCTION = YES;
				GCC_WARN_UNUSED_VARIABLE = YES;
				IPHONEOS_DEPLOYMENT_TARGET = 16.2;
				MTL_ENABLE_DEBUG_INFO = INCLUDE_SOURCE;
				MTL_FAST_MATH = YES;
				ONLY_ACTIVE_ARCH = YES;
				SDKROOT = iphoneos;
				SWIFT_ACTIVE_COMPILATION_CONDITIONS = DEBUG;
				SWIFT_OPTIMIZATION_LEVEL = "-Onone";
			};
			name = Debug;
		};
		BC4CA0FA29FC30B6005DBCDE /* Release */ = {
			isa = XCBuildConfiguration;
			buildSettings = {
				ALWAYS_SEARCH_USER_PATHS = NO;
				CLANG_ANALYZER_NONNULL = YES;
				CLANG_ANALYZER_NUMBER_OBJECT_CONVERSION = YES_AGGRESSIVE;
				CLANG_CXX_LANGUAGE_STANDARD = "gnu++20";
				CLANG_ENABLE_MODULES = YES;
				CLANG_ENABLE_OBJC_ARC = YES;
				CLANG_ENABLE_OBJC_WEAK = YES;
				CLANG_WARN_BLOCK_CAPTURE_AUTORELEASING = YES;
				CLANG_WARN_BOOL_CONVERSION = YES;
				CLANG_WARN_COMMA = YES;
				CLANG_WARN_CONSTANT_CONVERSION = YES;
				CLANG_WARN_DEPRECATED_OBJC_IMPLEMENTATIONS = YES;
				CLANG_WARN_DIRECT_OBJC_ISA_USAGE = YES_ERROR;
				CLANG_WARN_DOCUMENTATION_COMMENTS = YES;
				CLANG_WARN_EMPTY_BODY = YES;
				CLANG_WARN_ENUM_CONVERSION = YES;
				CLANG_WARN_INFINITE_RECURSION = YES;
				CLANG_WARN_INT_CONVERSION = YES;
				CLANG_WARN_NON_LITERAL_NULL_CONVERSION = YES;
				CLANG_WARN_OBJC_IMPLICIT_RETAIN_SELF = YES;
				CLANG_WARN_OBJC_LITERAL_CONVERSION = YES;
				CLANG_WARN_OBJC_ROOT_CLASS = YES_ERROR;
				CLANG_WARN_QUOTED_INCLUDE_IN_FRAMEWORK_HEADER = YES;
				CLANG_WARN_RANGE_LOOP_ANALYSIS = YES;
				CLANG_WARN_STRICT_PROTOTYPES = YES;
				CLANG_WARN_SUSPICIOUS_MOVE = YES;
				CLANG_WARN_UNGUARDED_AVAILABILITY = YES_AGGRESSIVE;
				CLANG_WARN_UNREACHABLE_CODE = YES;
				CLANG_WARN__DUPLICATE_METHOD_MATCH = YES;
				COPY_PHASE_STRIP = NO;
				DEBUG_INFORMATION_FORMAT = "dwarf-with-dsym";
				ENABLE_NS_ASSERTIONS = NO;
				ENABLE_STRICT_OBJC_MSGSEND = YES;
				GCC_C_LANGUAGE_STANDARD = gnu11;
				GCC_NO_COMMON_BLOCKS = YES;
				GCC_WARN_64_TO_32_BIT_CONVERSION = YES;
				GCC_WARN_ABOUT_RETURN_TYPE = YES_ERROR;
				GCC_WARN_UNDECLARED_SELECTOR = YES;
				GCC_WARN_UNINITIALIZED_AUTOS = YES_AGGRESSIVE;
				GCC_WARN_UNUSED_FUNCTION = YES;
				GCC_WARN_UNUSED_VARIABLE = YES;
				IPHONEOS_DEPLOYMENT_TARGET = 16.2;
				MTL_ENABLE_DEBUG_INFO = NO;
				MTL_FAST_MATH = YES;
				SDKROOT = iphoneos;
				SWIFT_COMPILATION_MODE = wholemodule;
				SWIFT_OPTIMIZATION_LEVEL = "-O";
				VALIDATE_PRODUCT = YES;
			};
			name = Release;
		};
		BC4CA0FC29FC30B6005DBCDE /* Debug */ = {
			isa = XCBuildConfiguration;
			buildSettings = {
				ASSETCATALOG_COMPILER_APPICON_NAME = AppIcon;
				ASSETCATALOG_COMPILER_GLOBAL_ACCENT_COLOR_NAME = AccentColor;
				CODE_SIGN_STYLE = Automatic;
				CURRENT_PROJECT_VERSION = 1;
				DEVELOPMENT_TEAM = 7XT93683G9;
				GENERATE_INFOPLIST_FILE = YES;
				INFOPLIST_FILE = ImageFeed/Info.plist;
				INFOPLIST_KEY_UIApplicationSupportsIndirectInputEvents = YES;
				INFOPLIST_KEY_UILaunchStoryboardName = LaunchScreen;
				INFOPLIST_KEY_UIMainStoryboardFile = Main;
				INFOPLIST_KEY_UIStatusBarStyle = UIStatusBarStyleLightContent;
				INFOPLIST_KEY_UISupportedInterfaceOrientations = UIInterfaceOrientationPortrait;
				INFOPLIST_KEY_UISupportedInterfaceOrientations_iPad = "UIInterfaceOrientationLandscapeLeft UIInterfaceOrientationLandscapeRight UIInterfaceOrientationPortrait UIInterfaceOrientationPortraitUpsideDown";
				IPHONEOS_DEPLOYMENT_TARGET = 13.0;
				LD_RUNPATH_SEARCH_PATHS = (
					"$(inherited)",
					"@executable_path/Frameworks",
				);
				MARKETING_VERSION = 1.0;
				PRODUCT_BUNDLE_IDENTIFIER = ru.yp.ai.ImageFeed;
				PRODUCT_NAME = "$(TARGET_NAME)";
				SUPPORTED_PLATFORMS = "iphoneos iphonesimulator";
				SUPPORTS_MACCATALYST = NO;
				SUPPORTS_MAC_DESIGNED_FOR_IPHONE_IPAD = NO;
				SWIFT_EMIT_LOC_STRINGS = YES;
				SWIFT_VERSION = 5.0;
				TARGETED_DEVICE_FAMILY = 1;
			};
			name = Debug;
		};
		BC4CA0FD29FC30B6005DBCDE /* Release */ = {
			isa = XCBuildConfiguration;
			buildSettings = {
				ASSETCATALOG_COMPILER_APPICON_NAME = AppIcon;
				ASSETCATALOG_COMPILER_GLOBAL_ACCENT_COLOR_NAME = AccentColor;
				CODE_SIGN_STYLE = Automatic;
				CURRENT_PROJECT_VERSION = 1;
				DEVELOPMENT_TEAM = 7XT93683G9;
				GENERATE_INFOPLIST_FILE = YES;
				INFOPLIST_FILE = ImageFeed/Info.plist;
				INFOPLIST_KEY_UIApplicationSupportsIndirectInputEvents = YES;
				INFOPLIST_KEY_UILaunchStoryboardName = LaunchScreen;
				INFOPLIST_KEY_UIMainStoryboardFile = Main;
				INFOPLIST_KEY_UIStatusBarStyle = UIStatusBarStyleLightContent;
				INFOPLIST_KEY_UISupportedInterfaceOrientations = UIInterfaceOrientationPortrait;
				INFOPLIST_KEY_UISupportedInterfaceOrientations_iPad = "UIInterfaceOrientationLandscapeLeft UIInterfaceOrientationLandscapeRight UIInterfaceOrientationPortrait UIInterfaceOrientationPortraitUpsideDown";
				IPHONEOS_DEPLOYMENT_TARGET = 13.0;
				LD_RUNPATH_SEARCH_PATHS = (
					"$(inherited)",
					"@executable_path/Frameworks",
				);
				MARKETING_VERSION = 1.0;
				PRODUCT_BUNDLE_IDENTIFIER = ru.yp.ai.ImageFeed;
				PRODUCT_NAME = "$(TARGET_NAME)";
				SUPPORTED_PLATFORMS = "iphoneos iphonesimulator";
				SUPPORTS_MACCATALYST = NO;
				SUPPORTS_MAC_DESIGNED_FOR_IPHONE_IPAD = NO;
				SWIFT_EMIT_LOC_STRINGS = YES;
				SWIFT_VERSION = 5.0;
				TARGETED_DEVICE_FAMILY = 1;
			};
			name = Release;
		};
		BC6A43D32A62B3590045C50A /* Debug */ = {
			isa = XCBuildConfiguration;
			buildSettings = {
				CODE_SIGN_STYLE = Automatic;
				CURRENT_PROJECT_VERSION = 1;
				DEVELOPMENT_TEAM = 7XT93683G9;
				GENERATE_INFOPLIST_FILE = YES;
				IPHONEOS_DEPLOYMENT_TARGET = 16.4;
				MARKETING_VERSION = 1.0;
				PRODUCT_BUNDLE_IDENTIFIER = ru.yp.ai.ImageFeedUITests;
				PRODUCT_NAME = "$(TARGET_NAME)";
				SWIFT_EMIT_LOC_STRINGS = NO;
				SWIFT_VERSION = 5.0;
				TARGETED_DEVICE_FAMILY = "1,2";
				TEST_TARGET_NAME = ImageFeed;
			};
			name = Debug;
		};
		BC6A43D42A62B3590045C50A /* Release */ = {
			isa = XCBuildConfiguration;
			buildSettings = {
				CODE_SIGN_STYLE = Automatic;
				CURRENT_PROJECT_VERSION = 1;
				DEVELOPMENT_TEAM = 7XT93683G9;
				GENERATE_INFOPLIST_FILE = YES;
				IPHONEOS_DEPLOYMENT_TARGET = 16.4;
				MARKETING_VERSION = 1.0;
				PRODUCT_BUNDLE_IDENTIFIER = ru.yp.ai.ImageFeedUITests;
				PRODUCT_NAME = "$(TARGET_NAME)";
				SWIFT_EMIT_LOC_STRINGS = NO;
				SWIFT_VERSION = 5.0;
				TARGETED_DEVICE_FAMILY = "1,2";
				TEST_TARGET_NAME = ImageFeed;
			};
			name = Release;
		};
		BC78E43C2A5B371800A9B173 /* Debug */ = {
			isa = XCBuildConfiguration;
			buildSettings = {
				BUNDLE_LOADER = "$(TEST_HOST)";
				CODE_SIGN_STYLE = Automatic;
				CURRENT_PROJECT_VERSION = 1;
				DEVELOPMENT_TEAM = 7XT93683G9;
				GENERATE_INFOPLIST_FILE = YES;
				IPHONEOS_DEPLOYMENT_TARGET = 16.4;
				MARKETING_VERSION = 1.0;
				PRODUCT_BUNDLE_IDENTIFIER = ru.yp.ai.ImageFeedTests;
				PRODUCT_NAME = "$(TARGET_NAME)";
				SWIFT_EMIT_LOC_STRINGS = NO;
				SWIFT_VERSION = 5.0;
				TARGETED_DEVICE_FAMILY = "1,2";
				TEST_HOST = "$(BUILT_PRODUCTS_DIR)/ImageFeed.app/$(BUNDLE_EXECUTABLE_FOLDER_PATH)/ImageFeed";
			};
			name = Debug;
		};
		BC78E43D2A5B371800A9B173 /* Release */ = {
			isa = XCBuildConfiguration;
			buildSettings = {
				BUNDLE_LOADER = "$(TEST_HOST)";
				CODE_SIGN_STYLE = Automatic;
				CURRENT_PROJECT_VERSION = 1;
				DEVELOPMENT_TEAM = 7XT93683G9;
				GENERATE_INFOPLIST_FILE = YES;
				IPHONEOS_DEPLOYMENT_TARGET = 16.4;
				MARKETING_VERSION = 1.0;
				PRODUCT_BUNDLE_IDENTIFIER = ru.yp.ai.ImageFeedTests;
				PRODUCT_NAME = "$(TARGET_NAME)";
				SWIFT_EMIT_LOC_STRINGS = NO;
				SWIFT_VERSION = 5.0;
				TARGETED_DEVICE_FAMILY = "1,2";
				TEST_HOST = "$(BUILT_PRODUCTS_DIR)/ImageFeed.app/$(BUNDLE_EXECUTABLE_FOLDER_PATH)/ImageFeed";
			};
			name = Release;
		};
/* End XCBuildConfiguration section */

/* Begin XCConfigurationList section */
		BC4CA0E229FC30B4005DBCDE /* Build configuration list for PBXProject "ImageFeed" */ = {
			isa = XCConfigurationList;
			buildConfigurations = (
				BC4CA0F929FC30B6005DBCDE /* Debug */,
				BC4CA0FA29FC30B6005DBCDE /* Release */,
			);
			defaultConfigurationIsVisible = 0;
			defaultConfigurationName = Release;
		};
		BC4CA0FB29FC30B6005DBCDE /* Build configuration list for PBXNativeTarget "ImageFeed" */ = {
			isa = XCConfigurationList;
			buildConfigurations = (
				BC4CA0FC29FC30B6005DBCDE /* Debug */,
				BC4CA0FD29FC30B6005DBCDE /* Release */,
			);
			defaultConfigurationIsVisible = 0;
			defaultConfigurationName = Release;
		};
		BC6A43D22A62B3590045C50A /* Build configuration list for PBXNativeTarget "ImageFeedUITests" */ = {
			isa = XCConfigurationList;
			buildConfigurations = (
				BC6A43D32A62B3590045C50A /* Debug */,
				BC6A43D42A62B3590045C50A /* Release */,
			);
			defaultConfigurationIsVisible = 0;
			defaultConfigurationName = Release;
		};
		BC78E43B2A5B371800A9B173 /* Build configuration list for PBXNativeTarget "ImageFeedTests" */ = {
			isa = XCConfigurationList;
			buildConfigurations = (
				BC78E43C2A5B371800A9B173 /* Debug */,
				BC78E43D2A5B371800A9B173 /* Release */,
			);
			defaultConfigurationIsVisible = 0;
			defaultConfigurationName = Release;
		};
/* End XCConfigurationList section */

/* Begin XCRemoteSwiftPackageReference section */
		BC1AE98B2A4218D800ACC705 /* XCRemoteSwiftPackageReference "SwiftKeychainWrapper" */ = {
			isa = XCRemoteSwiftPackageReference;
			repositoryURL = "https://github.com/jrendel/SwiftKeychainWrapper";
			requirement = {
				kind = upToNextMajorVersion;
				minimumVersion = 4.0.0;
			};
		};
		BC38FB162A3E30A0006C6462 /* XCRemoteSwiftPackageReference "Kingfisher" */ = {
			isa = XCRemoteSwiftPackageReference;
			repositoryURL = "https://github.com/onevcat/Kingfisher.git";
			requirement = {
				kind = upToNextMajorVersion;
				minimumVersion = 7.0.0;
			};
		};
		BC97A9152A324D5D0038A0FD /* XCRemoteSwiftPackageReference "ProgressHUD" */ = {
			isa = XCRemoteSwiftPackageReference;
			repositoryURL = "https://github.com/relatedcode/ProgressHUD";
			requirement = {
				kind = upToNextMajorVersion;
				minimumVersion = 13.0.0;
			};
		};
/* End XCRemoteSwiftPackageReference section */

/* Begin XCSwiftPackageProductDependency section */
		BC1AE98C2A4218D800ACC705 /* SwiftKeychainWrapper */ = {
			isa = XCSwiftPackageProductDependency;
			package = BC1AE98B2A4218D800ACC705 /* XCRemoteSwiftPackageReference "SwiftKeychainWrapper" */;
			productName = SwiftKeychainWrapper;
		};
		BC38FB172A3E30A0006C6462 /* Kingfisher */ = {
			isa = XCSwiftPackageProductDependency;
			package = BC38FB162A3E30A0006C6462 /* XCRemoteSwiftPackageReference "Kingfisher" */;
			productName = Kingfisher;
		};
		BC97A9162A324D5D0038A0FD /* ProgressHUD */ = {
			isa = XCSwiftPackageProductDependency;
			package = BC97A9152A324D5D0038A0FD /* XCRemoteSwiftPackageReference "ProgressHUD" */;
			productName = ProgressHUD;
		};
/* End XCSwiftPackageProductDependency section */
	};
	rootObject = BC4CA0DF29FC30B4005DBCDE /* Project object */;
}
