// !$*UTF8*$!
{
	archiveVersion = 1;
	classes = {
	};
	objectVersion = 56;
	objects = {

/* Begin PBXBuildFile section */
		BC2A22C42A0D5AF30096E22B /* ProfileViewController.swift in Sources */ = {isa = PBXBuildFile; fileRef = BC2A22C32A0D5AF30096E22B /* ProfileViewController.swift */; };
		BC2A22C62A0D6ADB0096E22B /* SingleImageViewController.swift in Sources */ = {isa = PBXBuildFile; fileRef = BC2A22C52A0D6ADA0096E22B /* SingleImageViewController.swift */; };
		BC4CA0EB29FC30B4005DBCDE /* AppDelegate.swift in Sources */ = {isa = PBXBuildFile; fileRef = BC4CA0EA29FC30B4005DBCDE /* AppDelegate.swift */; };
		BC4CA0ED29FC30B4005DBCDE /* SceneDelegate.swift in Sources */ = {isa = PBXBuildFile; fileRef = BC4CA0EC29FC30B4005DBCDE /* SceneDelegate.swift */; };
		BC4CA0EF29FC30B4005DBCDE /* ImagesListViewController.swift in Sources */ = {isa = PBXBuildFile; fileRef = BC4CA0EE29FC30B4005DBCDE /* ImagesListViewController.swift */; };
		BC4CA0F229FC30B4005DBCDE /* Main.storyboard in Resources */ = {isa = PBXBuildFile; fileRef = BC4CA0F029FC30B4005DBCDE /* Main.storyboard */; };
		BC4CA0F429FC30B6005DBCDE /* Assets.xcassets in Resources */ = {isa = PBXBuildFile; fileRef = BC4CA0F329FC30B6005DBCDE /* Assets.xcassets */; };
		BC4CA0F729FC30B6005DBCDE /* LaunchScreen.storyboard in Resources */ = {isa = PBXBuildFile; fileRef = BC4CA0F529FC30B6005DBCDE /* LaunchScreen.storyboard */; };
		BC576C392A0237C2003C36C7 /* UIColor+Extentions.swift in Sources */ = {isa = PBXBuildFile; fileRef = BC576C382A0237C2003C36C7 /* UIColor+Extentions.swift */; };
		BC6E7C8129FFD412007D5688 /* ImagesListCell.swift in Sources */ = {isa = PBXBuildFile; fileRef = BC6E7C8029FFD412007D5688 /* ImagesListCell.swift */; };
		BCB75F4A2A1FCDC0007197F4 /* Constants.swift in Sources */ = {isa = PBXBuildFile; fileRef = BCB75F492A1FCDC0007197F4 /* Constants.swift */; };
		BCB75F4C2A1FDA76007197F4 /* AuthViewController.swift in Sources */ = {isa = PBXBuildFile; fileRef = BCB75F4B2A1FDA76007197F4 /* AuthViewController.swift */; };
		BCB75F4F2A1FDE3D007197F4 /* WebViewViewController.swift in Sources */ = {isa = PBXBuildFile; fileRef = BCB75F4E2A1FDE3D007197F4 /* WebViewViewController.swift */; };
		BCB75F522A23BDE2007197F4 /* OAuth2Service.swift in Sources */ = {isa = PBXBuildFile; fileRef = BCB75F512A23BDE2007197F4 /* OAuth2Service.swift */; };
		BCB75F542A23BE82007197F4 /* OAuthTokenResponseBody.swift in Sources */ = {isa = PBXBuildFile; fileRef = BCB75F532A23BE82007197F4 /* OAuthTokenResponseBody.swift */; };
		BCB75F562A23C024007197F4 /* OAuth2TokenStorage.swift in Sources */ = {isa = PBXBuildFile; fileRef = BCB75F552A23C024007197F4 /* OAuth2TokenStorage.swift */; };
		BCCA7E182A0EBEC6007D7102 /* ImageListCell.xib in Resources */ = {isa = PBXBuildFile; fileRef = BCCA7E172A0EBEC6007D7102 /* ImageListCell.xib */; };
		BCF0D5A92A06D112009D7CC5 /* GradientImageView.swift in Sources */ = {isa = PBXBuildFile; fileRef = BCF0D5A82A06D112009D7CC5 /* GradientImageView.swift */; };
/* End PBXBuildFile section */

/* Begin PBXFileReference section */
		BC2A22C32A0D5AF30096E22B /* ProfileViewController.swift */ = {isa = PBXFileReference; lastKnownFileType = sourcecode.swift; path = ProfileViewController.swift; sourceTree = "<group>"; };
		BC2A22C52A0D6ADA0096E22B /* SingleImageViewController.swift */ = {isa = PBXFileReference; lastKnownFileType = sourcecode.swift; path = SingleImageViewController.swift; sourceTree = "<group>"; };
		BC4CA0E729FC30B4005DBCDE /* ImageFeed.app */ = {isa = PBXFileReference; explicitFileType = wrapper.application; includeInIndex = 0; path = ImageFeed.app; sourceTree = BUILT_PRODUCTS_DIR; };
		BC4CA0EA29FC30B4005DBCDE /* AppDelegate.swift */ = {isa = PBXFileReference; lastKnownFileType = sourcecode.swift; path = AppDelegate.swift; sourceTree = "<group>"; };
		BC4CA0EC29FC30B4005DBCDE /* SceneDelegate.swift */ = {isa = PBXFileReference; lastKnownFileType = sourcecode.swift; path = SceneDelegate.swift; sourceTree = "<group>"; };
		BC4CA0EE29FC30B4005DBCDE /* ImagesListViewController.swift */ = {isa = PBXFileReference; lastKnownFileType = sourcecode.swift; path = ImagesListViewController.swift; sourceTree = "<group>"; };
		BC4CA0F129FC30B4005DBCDE /* Base */ = {isa = PBXFileReference; lastKnownFileType = file.storyboard; name = Base; path = Base.lproj/Main.storyboard; sourceTree = "<group>"; };
		BC4CA0F329FC30B6005DBCDE /* Assets.xcassets */ = {isa = PBXFileReference; lastKnownFileType = folder.assetcatalog; path = Assets.xcassets; sourceTree = "<group>"; };
		BC4CA0F629FC30B6005DBCDE /* Base */ = {isa = PBXFileReference; lastKnownFileType = file.storyboard; name = Base; path = Base.lproj/LaunchScreen.storyboard; sourceTree = "<group>"; };
		BC4CA0F829FC30B6005DBCDE /* Info.plist */ = {isa = PBXFileReference; lastKnownFileType = text.plist.xml; path = Info.plist; sourceTree = "<group>"; };
		BC576C382A0237C2003C36C7 /* UIColor+Extentions.swift */ = {isa = PBXFileReference; lastKnownFileType = sourcecode.swift; path = "UIColor+Extentions.swift"; sourceTree = "<group>"; };
		BC6E7C8029FFD412007D5688 /* ImagesListCell.swift */ = {isa = PBXFileReference; lastKnownFileType = sourcecode.swift; path = ImagesListCell.swift; sourceTree = "<group>"; };
		BCB75F492A1FCDC0007197F4 /* Constants.swift */ = {isa = PBXFileReference; lastKnownFileType = sourcecode.swift; path = Constants.swift; sourceTree = "<group>"; };
		BCB75F4B2A1FDA76007197F4 /* AuthViewController.swift */ = {isa = PBXFileReference; lastKnownFileType = sourcecode.swift; path = AuthViewController.swift; sourceTree = "<group>"; };
		BCB75F4E2A1FDE3D007197F4 /* WebViewViewController.swift */ = {isa = PBXFileReference; lastKnownFileType = sourcecode.swift; path = WebViewViewController.swift; sourceTree = "<group>"; };
		BCB75F512A23BDE2007197F4 /* OAuth2Service.swift */ = {isa = PBXFileReference; lastKnownFileType = sourcecode.swift; path = OAuth2Service.swift; sourceTree = "<group>"; };
		BCB75F532A23BE82007197F4 /* OAuthTokenResponseBody.swift */ = {isa = PBXFileReference; lastKnownFileType = sourcecode.swift; path = OAuthTokenResponseBody.swift; sourceTree = "<group>"; };
		BCB75F552A23C024007197F4 /* OAuth2TokenStorage.swift */ = {isa = PBXFileReference; lastKnownFileType = sourcecode.swift; path = OAuth2TokenStorage.swift; sourceTree = "<group>"; };
		BCCA7E172A0EBEC6007D7102 /* ImageListCell.xib */ = {isa = PBXFileReference; lastKnownFileType = file.xib; path = ImageListCell.xib; sourceTree = "<group>"; };
		BCF0D5A82A06D112009D7CC5 /* GradientImageView.swift */ = {isa = PBXFileReference; lastKnownFileType = sourcecode.swift; path = GradientImageView.swift; sourceTree = "<group>"; };
/* End PBXFileReference section */

/* Begin PBXFrameworksBuildPhase section */
		BC4CA0E429FC30B4005DBCDE /* Frameworks */ = {
			isa = PBXFrameworksBuildPhase;
			buildActionMask = 2147483647;
			files = (
			);
			runOnlyForDeploymentPostprocessing = 0;
		};
/* End PBXFrameworksBuildPhase section */

/* Begin PBXGroup section */
		BC311BCE2A1694E0005AE0BC /* Interface Builder */ = {
			isa = PBXGroup;
			children = (
				BC4CA0F029FC30B4005DBCDE /* Main.storyboard */,
				BCCA7E172A0EBEC6007D7102 /* ImageListCell.xib */,
				BC4CA0F529FC30B6005DBCDE /* LaunchScreen.storyboard */,
			);
			path = "Interface Builder";
			sourceTree = "<group>";
		};
		BC311BCF2A1699AE005AE0BC /* Image List */ = {
			isa = PBXGroup;
			children = (
				BC4CA0EE29FC30B4005DBCDE /* ImagesListViewController.swift */,
				BC6E7C8029FFD412007D5688 /* ImagesListCell.swift */,
			);
			path = "Image List";
			sourceTree = "<group>";
		};
		BC4CA0DE29FC30B4005DBCDE = {
			isa = PBXGroup;
			children = (
				BC4CA0E929FC30B4005DBCDE /* ImageFeed */,
				BC4CA0E829FC30B4005DBCDE /* Products */,
			);
			sourceTree = "<group>";
		};
		BC4CA0E829FC30B4005DBCDE /* Products */ = {
			isa = PBXGroup;
			children = (
				BC4CA0E729FC30B4005DBCDE /* ImageFeed.app */,
			);
			name = Products;
			sourceTree = "<group>";
		};
		BC4CA0E929FC30B4005DBCDE /* ImageFeed */ = {
			isa = PBXGroup;
			children = (
				BCB75F502A208741007197F4 /* Network */,
				BC4CA0EA29FC30B4005DBCDE /* AppDelegate.swift */,
				BC4CA0EC29FC30B4005DBCDE /* SceneDelegate.swift */,
				BC311BCE2A1694E0005AE0BC /* Interface Builder */,
				BCF0D5AA2A06D127009D7CC5 /* UI Customizations */,
				BCB75F4D2A1FDE11007197F4 /* Auth */,
				BC576C372A023797003C36C7 /* Presentation */,
				BC4CA0F329FC30B6005DBCDE /* Assets.xcassets */,
				BC4CA0F829FC30B6005DBCDE /* Info.plist */,
			);
			path = ImageFeed;
			sourceTree = "<group>";
		};
		BC576C372A023797003C36C7 /* Presentation */ = {
			isa = PBXGroup;
			children = (
				BC311BCF2A1699AE005AE0BC /* Image List */,
				BC2A22C32A0D5AF30096E22B /* ProfileViewController.swift */,
				BC2A22C52A0D6ADA0096E22B /* SingleImageViewController.swift */,
			);
			path = Presentation;
			sourceTree = "<group>";
		};
		BCB75F4D2A1FDE11007197F4 /* Auth */ = {
			isa = PBXGroup;
			children = (
				BCB75F4B2A1FDA76007197F4 /* AuthViewController.swift */,
				BCB75F4E2A1FDE3D007197F4 /* WebViewViewController.swift */,
				BCB75F512A23BDE2007197F4 /* OAuth2Service.swift */,
				BCB75F552A23C024007197F4 /* OAuth2TokenStorage.swift */,
				BCB75F532A23BE82007197F4 /* OAuthTokenResponseBody.swift */,
			);
			path = Auth;
			sourceTree = "<group>";
		};
		BCB75F502A208741007197F4 /* Network */ = {
			isa = PBXGroup;
			children = (
				BCB75F492A1FCDC0007197F4 /* Constants.swift */,
			);
			path = Network;
			sourceTree = "<group>";
		};
		BCF0D5AA2A06D127009D7CC5 /* UI Customizations */ = {
			isa = PBXGroup;
			children = (
				BC576C382A0237C2003C36C7 /* UIColor+Extentions.swift */,
				BCF0D5A82A06D112009D7CC5 /* GradientImageView.swift */,
			);
			path = "UI Customizations";
			sourceTree = "<group>";
		};
/* End PBXGroup section */

/* Begin PBXNativeTarget section */
		BC4CA0E629FC30B4005DBCDE /* ImageFeed */ = {
			isa = PBXNativeTarget;
			buildConfigurationList = BC4CA0FB29FC30B6005DBCDE /* Build configuration list for PBXNativeTarget "ImageFeed" */;
			buildPhases = (
				BC4CA0E329FC30B4005DBCDE /* Sources */,
				BC4CA0E429FC30B4005DBCDE /* Frameworks */,
				BC4CA0E529FC30B4005DBCDE /* Resources */,
			);
			buildRules = (
			);
			dependencies = (
			);
			name = ImageFeed;
			productName = ImageFeed;
			productReference = BC4CA0E729FC30B4005DBCDE /* ImageFeed.app */;
			productType = "com.apple.product-type.application";
		};
/* End PBXNativeTarget section */

/* Begin PBXProject section */
		BC4CA0DF29FC30B4005DBCDE /* Project object */ = {
			isa = PBXProject;
			attributes = {
				BuildIndependentTargetsInParallel = 1;
				LastSwiftUpdateCheck = 1420;
				LastUpgradeCheck = 1420;
				TargetAttributes = {
					BC4CA0E629FC30B4005DBCDE = {
						CreatedOnToolsVersion = 14.2;
					};
				};
			};
			buildConfigurationList = BC4CA0E229FC30B4005DBCDE /* Build configuration list for PBXProject "ImageFeed" */;
			compatibilityVersion = "Xcode 14.0";
			developmentRegion = en;
			hasScannedForEncodings = 0;
			knownRegions = (
				en,
				Base,
			);
			mainGroup = BC4CA0DE29FC30B4005DBCDE;
			productRefGroup = BC4CA0E829FC30B4005DBCDE /* Products */;
			projectDirPath = "";
			projectRoot = "";
			targets = (
				BC4CA0E629FC30B4005DBCDE /* ImageFeed */,
			);
		};
/* End PBXProject section */

/* Begin PBXResourcesBuildPhase section */
		BC4CA0E529FC30B4005DBCDE /* Resources */ = {
			isa = PBXResourcesBuildPhase;
			buildActionMask = 2147483647;
			files = (
				BC4CA0F729FC30B6005DBCDE /* LaunchScreen.storyboard in Resources */,
				BCCA7E182A0EBEC6007D7102 /* ImageListCell.xib in Resources */,
				BC4CA0F429FC30B6005DBCDE /* Assets.xcassets in Resources */,
				BC4CA0F229FC30B4005DBCDE /* Main.storyboard in Resources */,
			);
			runOnlyForDeploymentPostprocessing = 0;
		};
/* End PBXResourcesBuildPhase section */

/* Begin PBXSourcesBuildPhase section */
		BC4CA0E329FC30B4005DBCDE /* Sources */ = {
			isa = PBXSourcesBuildPhase;
			buildActionMask = 2147483647;
			files = (
				BC4CA0EF29FC30B4005DBCDE /* ImagesListViewController.swift in Sources */,
				BC6E7C8129FFD412007D5688 /* ImagesListCell.swift in Sources */,
				BCB75F522A23BDE2007197F4 /* OAuth2Service.swift in Sources */,
				BCB75F4C2A1FDA76007197F4 /* AuthViewController.swift in Sources */,
				BCF0D5A92A06D112009D7CC5 /* GradientImageView.swift in Sources */,
				BCB75F4F2A1FDE3D007197F4 /* WebViewViewController.swift in Sources */,
				BCB75F562A23C024007197F4 /* OAuth2TokenStorage.swift in Sources */,
				BC576C392A0237C2003C36C7 /* UIColor+Extentions.swift in Sources */,
				BC2A22C42A0D5AF30096E22B /* ProfileViewController.swift in Sources */,
				BC4CA0EB29FC30B4005DBCDE /* AppDelegate.swift in Sources */,
				BC2A22C62A0D6ADB0096E22B /* SingleImageViewController.swift in Sources */,
				BC4CA0ED29FC30B4005DBCDE /* SceneDelegate.swift in Sources */,
				BCB75F542A23BE82007197F4 /* OAuthTokenResponseBody.swift in Sources */,
				BCB75F4A2A1FCDC0007197F4 /* Constants.swift in Sources */,
			);
			runOnlyForDeploymentPostprocessing = 0;
		};
/* End PBXSourcesBuildPhase section */

/* Begin PBXVariantGroup section */
		BC4CA0F029FC30B4005DBCDE /* Main.storyboard */ = {
			isa = PBXVariantGroup;
			children = (
				BC4CA0F129FC30B4005DBCDE /* Base */,
			);
			name = Main.storyboard;
			sourceTree = "<group>";
		};
		BC4CA0F529FC30B6005DBCDE /* LaunchScreen.storyboard */ = {
			isa = PBXVariantGroup;
			children = (
				BC4CA0F629FC30B6005DBCDE /* Base */,
			);
			name = LaunchScreen.storyboard;
			sourceTree = "<group>";
		};
/* End PBXVariantGroup section */

/* Begin XCBuildConfiguration section */
		BC4CA0F929FC30B6005DBCDE /* Debug */ = {
			isa = XCBuildConfiguration;
			buildSettings = {
				ALWAYS_SEARCH_USER_PATHS = NO;
				CLANG_ANALYZER_NONNULL = YES;
				CLANG_ANALYZER_NUMBER_OBJECT_CONVERSION = YES_AGGRESSIVE;
				CLANG_CXX_LANGUAGE_STANDARD = "gnu++20";
				CLANG_ENABLE_MODULES = YES;
				CLANG_ENABLE_OBJC_ARC = YES;
				CLANG_ENABLE_OBJC_WEAK = YES;
				CLANG_WARN_BLOCK_CAPTURE_AUTORELEASING = YES;
				CLANG_WARN_BOOL_CONVERSION = YES;
				CLANG_WARN_COMMA = YES;
				CLANG_WARN_CONSTANT_CONVERSION = YES;
				CLANG_WARN_DEPRECATED_OBJC_IMPLEMENTATIONS = YES;
				CLANG_WARN_DIRECT_OBJC_ISA_USAGE = YES_ERROR;
				CLANG_WARN_DOCUMENTATION_COMMENTS = YES;
				CLANG_WARN_EMPTY_BODY = YES;
				CLANG_WARN_ENUM_CONVERSION = YES;
				CLANG_WARN_INFINITE_RECURSION = YES;
				CLANG_WARN_INT_CONVERSION = YES;
				CLANG_WARN_NON_LITERAL_NULL_CONVERSION = YES;
				CLANG_WARN_OBJC_IMPLICIT_RETAIN_SELF = YES;
				CLANG_WARN_OBJC_LITERAL_CONVERSION = YES;
				CLANG_WARN_OBJC_ROOT_CLASS = YES_ERROR;
				CLANG_WARN_QUOTED_INCLUDE_IN_FRAMEWORK_HEADER = YES;
				CLANG_WARN_RANGE_LOOP_ANALYSIS = YES;
				CLANG_WARN_STRICT_PROTOTYPES = YES;
				CLANG_WARN_SUSPICIOUS_MOVE = YES;
				CLANG_WARN_UNGUARDED_AVAILABILITY = YES_AGGRESSIVE;
				CLANG_WARN_UNREACHABLE_CODE = YES;
				CLANG_WARN__DUPLICATE_METHOD_MATCH = YES;
				COPY_PHASE_STRIP = NO;
				DEBUG_INFORMATION_FORMAT = dwarf;
				ENABLE_STRICT_OBJC_MSGSEND = YES;
				ENABLE_TESTABILITY = YES;
				GCC_C_LANGUAGE_STANDARD = gnu11;
				GCC_DYNAMIC_NO_PIC = NO;
				GCC_NO_COMMON_BLOCKS = YES;
				GCC_OPTIMIZATION_LEVEL = 0;
				GCC_PREPROCESSOR_DEFINITIONS = (
					"DEBUG=1",
					"$(inherited)",
				);
				GCC_WARN_64_TO_32_BIT_CONVERSION = YES;
				GCC_WARN_ABOUT_RETURN_TYPE = YES_ERROR;
				GCC_WARN_UNDECLARED_SELECTOR = YES;
				GCC_WARN_UNINITIALIZED_AUTOS = YES_AGGRESSIVE;
				GCC_WARN_UNUSED_FUNCTION = YES;
				GCC_WARN_UNUSED_VARIABLE = YES;
				IPHONEOS_DEPLOYMENT_TARGET = 16.2;
				MTL_ENABLE_DEBUG_INFO = INCLUDE_SOURCE;
				MTL_FAST_MATH = YES;
				ONLY_ACTIVE_ARCH = YES;
				SDKROOT = iphoneos;
				SWIFT_ACTIVE_COMPILATION_CONDITIONS = DEBUG;
				SWIFT_OPTIMIZATION_LEVEL = "-Onone";
			};
			name = Debug;
		};
		BC4CA0FA29FC30B6005DBCDE /* Release */ = {
			isa = XCBuildConfiguration;
			buildSettings = {
				ALWAYS_SEARCH_USER_PATHS = NO;
				CLANG_ANALYZER_NONNULL = YES;
				CLANG_ANALYZER_NUMBER_OBJECT_CONVERSION = YES_AGGRESSIVE;
				CLANG_CXX_LANGUAGE_STANDARD = "gnu++20";
				CLANG_ENABLE_MODULES = YES;
				CLANG_ENABLE_OBJC_ARC = YES;
				CLANG_ENABLE_OBJC_WEAK = YES;
				CLANG_WARN_BLOCK_CAPTURE_AUTORELEASING = YES;
				CLANG_WARN_BOOL_CONVERSION = YES;
				CLANG_WARN_COMMA = YES;
				CLANG_WARN_CONSTANT_CONVERSION = YES;
				CLANG_WARN_DEPRECATED_OBJC_IMPLEMENTATIONS = YES;
				CLANG_WARN_DIRECT_OBJC_ISA_USAGE = YES_ERROR;
				CLANG_WARN_DOCUMENTATION_COMMENTS = YES;
				CLANG_WARN_EMPTY_BODY = YES;
				CLANG_WARN_ENUM_CONVERSION = YES;
				CLANG_WARN_INFINITE_RECURSION = YES;
				CLANG_WARN_INT_CONVERSION = YES;
				CLANG_WARN_NON_LITERAL_NULL_CONVERSION = YES;
				CLANG_WARN_OBJC_IMPLICIT_RETAIN_SELF = YES;
				CLANG_WARN_OBJC_LITERAL_CONVERSION = YES;
				CLANG_WARN_OBJC_ROOT_CLASS = YES_ERROR;
				CLANG_WARN_QUOTED_INCLUDE_IN_FRAMEWORK_HEADER = YES;
				CLANG_WARN_RANGE_LOOP_ANALYSIS = YES;
				CLANG_WARN_STRICT_PROTOTYPES = YES;
				CLANG_WARN_SUSPICIOUS_MOVE = YES;
				CLANG_WARN_UNGUARDED_AVAILABILITY = YES_AGGRESSIVE;
				CLANG_WARN_UNREACHABLE_CODE = YES;
				CLANG_WARN__DUPLICATE_METHOD_MATCH = YES;
				COPY_PHASE_STRIP = NO;
				DEBUG_INFORMATION_FORMAT = "dwarf-with-dsym";
				ENABLE_NS_ASSERTIONS = NO;
				ENABLE_STRICT_OBJC_MSGSEND = YES;
				GCC_C_LANGUAGE_STANDARD = gnu11;
				GCC_NO_COMMON_BLOCKS = YES;
				GCC_WARN_64_TO_32_BIT_CONVERSION = YES;
				GCC_WARN_ABOUT_RETURN_TYPE = YES_ERROR;
				GCC_WARN_UNDECLARED_SELECTOR = YES;
				GCC_WARN_UNINITIALIZED_AUTOS = YES_AGGRESSIVE;
				GCC_WARN_UNUSED_FUNCTION = YES;
				GCC_WARN_UNUSED_VARIABLE = YES;
				IPHONEOS_DEPLOYMENT_TARGET = 16.2;
				MTL_ENABLE_DEBUG_INFO = NO;
				MTL_FAST_MATH = YES;
				SDKROOT = iphoneos;
				SWIFT_COMPILATION_MODE = wholemodule;
				SWIFT_OPTIMIZATION_LEVEL = "-O";
				VALIDATE_PRODUCT = YES;
			};
			name = Release;
		};
		BC4CA0FC29FC30B6005DBCDE /* Debug */ = {
			isa = XCBuildConfiguration;
			buildSettings = {
				ASSETCATALOG_COMPILER_APPICON_NAME = AppIcon;
				ASSETCATALOG_COMPILER_GLOBAL_ACCENT_COLOR_NAME = AccentColor;
				CODE_SIGN_STYLE = Automatic;
				CURRENT_PROJECT_VERSION = 1;
				DEVELOPMENT_TEAM = 7XT93683G9;
				GENERATE_INFOPLIST_FILE = YES;
				INFOPLIST_FILE = ImageFeed/Info.plist;
				INFOPLIST_KEY_UIApplicationSupportsIndirectInputEvents = YES;
				INFOPLIST_KEY_UILaunchStoryboardName = LaunchScreen;
				INFOPLIST_KEY_UIMainStoryboardFile = Main;
				INFOPLIST_KEY_UIStatusBarStyle = UIStatusBarStyleLightContent;
				INFOPLIST_KEY_UISupportedInterfaceOrientations = UIInterfaceOrientationPortrait;
				INFOPLIST_KEY_UISupportedInterfaceOrientations_iPad = "UIInterfaceOrientationLandscapeLeft UIInterfaceOrientationLandscapeRight UIInterfaceOrientationPortrait UIInterfaceOrientationPortraitUpsideDown";
				IPHONEOS_DEPLOYMENT_TARGET = 13.0;
				LD_RUNPATH_SEARCH_PATHS = (
					"$(inherited)",
					"@executable_path/Frameworks",
				);
				MARKETING_VERSION = 1.0;
				PRODUCT_BUNDLE_IDENTIFIER = ru.yp.ai.ImageFeed;
				PRODUCT_NAME = "$(TARGET_NAME)";
				SUPPORTED_PLATFORMS = "iphoneos iphonesimulator";
				SUPPORTS_MACCATALYST = NO;
				SUPPORTS_MAC_DESIGNED_FOR_IPHONE_IPAD = NO;
				SWIFT_EMIT_LOC_STRINGS = YES;
				SWIFT_VERSION = 5.0;
				TARGETED_DEVICE_FAMILY = 1;
			};
			name = Debug;
		};
		BC4CA0FD29FC30B6005DBCDE /* Release */ = {
			isa = XCBuildConfiguration;
			buildSettings = {
				ASSETCATALOG_COMPILER_APPICON_NAME = AppIcon;
				ASSETCATALOG_COMPILER_GLOBAL_ACCENT_COLOR_NAME = AccentColor;
				CODE_SIGN_STYLE = Automatic;
				CURRENT_PROJECT_VERSION = 1;
				DEVELOPMENT_TEAM = 7XT93683G9;
				GENERATE_INFOPLIST_FILE = YES;
				INFOPLIST_FILE = ImageFeed/Info.plist;
				INFOPLIST_KEY_UIApplicationSupportsIndirectInputEvents = YES;
				INFOPLIST_KEY_UILaunchStoryboardName = LaunchScreen;
				INFOPLIST_KEY_UIMainStoryboardFile = Main;
				INFOPLIST_KEY_UIStatusBarStyle = UIStatusBarStyleLightContent;
				INFOPLIST_KEY_UISupportedInterfaceOrientations = UIInterfaceOrientationPortrait;
				INFOPLIST_KEY_UISupportedInterfaceOrientations_iPad = "UIInterfaceOrientationLandscapeLeft UIInterfaceOrientationLandscapeRight UIInterfaceOrientationPortrait UIInterfaceOrientationPortraitUpsideDown";
				IPHONEOS_DEPLOYMENT_TARGET = 13.0;
				LD_RUNPATH_SEARCH_PATHS = (
					"$(inherited)",
					"@executable_path/Frameworks",
				);
				MARKETING_VERSION = 1.0;
				PRODUCT_BUNDLE_IDENTIFIER = ru.yp.ai.ImageFeed;
				PRODUCT_NAME = "$(TARGET_NAME)";
				SUPPORTED_PLATFORMS = "iphoneos iphonesimulator";
				SUPPORTS_MACCATALYST = NO;
				SUPPORTS_MAC_DESIGNED_FOR_IPHONE_IPAD = NO;
				SWIFT_EMIT_LOC_STRINGS = YES;
				SWIFT_VERSION = 5.0;
				TARGETED_DEVICE_FAMILY = 1;
			};
			name = Release;
		};
/* End XCBuildConfiguration section */

/* Begin XCConfigurationList section */
		BC4CA0E229FC30B4005DBCDE /* Build configuration list for PBXProject "ImageFeed" */ = {
			isa = XCConfigurationList;
			buildConfigurations = (
				BC4CA0F929FC30B6005DBCDE /* Debug */,
				BC4CA0FA29FC30B6005DBCDE /* Release */,
			);
			defaultConfigurationIsVisible = 0;
			defaultConfigurationName = Release;
		};
		BC4CA0FB29FC30B6005DBCDE /* Build configuration list for PBXNativeTarget "ImageFeed" */ = {
			isa = XCConfigurationList;
			buildConfigurations = (
				BC4CA0FC29FC30B6005DBCDE /* Debug */,
				BC4CA0FD29FC30B6005DBCDE /* Release */,
			);
			defaultConfigurationIsVisible = 0;
			defaultConfigurationName = Release;
		};
/* End XCConfigurationList section */
	};
	rootObject = BC4CA0DF29FC30B4005DBCDE /* Project object */;
}
